
Microsoft Visual Studio Solution File, Format Version 12.00
# Visual Studio Version 17
VisualStudioVersion = 17.0.32014.148
MinimumVisualStudioVersion = 10.0.40219.1
Project("{FAE04EC0-301F-11D3-BF4B-00C04F79EFBC}") = "SpecFlowBascis", "SpecFlowBascis\SpecFlowBascis.csproj", "{3ACF568E-BA21-4E68-9A74-EF64E8FFEDBA}"
EndProject
Project("{FAE04EC0-301F-11D3-BF4B-00C04F79EFBC}") = "TestClassLibrary", "TestClassLibrary\TestClassLibrary.csproj", "{8D9633F3-6AE3-463B-AFCD-91878C3A104A}"
EndProject
Global
	GlobalSection(SolutionConfigurationPlatforms) = preSolution
		Debug|Any CPU = Debug|Any CPU
		Release|Any CPU = Release|Any CPU
	EndGlobalSection
	GlobalSection(ProjectConfigurationPlatforms) = postSolution
		{3ACF568E-BA21-4E68-9A74-EF64E8FFEDBA}.Debug|Any CPU.ActiveCfg = Debug|Any CPU
		{3ACF568E-BA21-4E68-9A74-EF64E8FFEDBA}.Debug|Any CPU.Build.0 = Debug|Any CPU
		{3ACF568E-BA21-4E68-9A74-EF64E8FFEDBA}.Release|Any CPU.ActiveCfg = Release|Any CPU
		{3ACF568E-BA21-4E68-9A74-EF64E8FFEDBA}.Release|Any CPU.Build.0 = Release|Any CPU
		{8D9633F3-6AE3-463B-AFCD-91878C3A104A}.Debug|Any CPU.ActiveCfg = Debug|Any CPU
		{8D9633F3-6AE3-463B-AFCD-91878C3A104A}.Debug|Any CPU.Build.0 = Debug|Any CPU
		{8D9633F3-6AE3-463B-AFCD-91878C3A104A}.Release|Any CPU.ActiveCfg = Release|Any CPU
		{8D9633F3-6AE3-463B-AFCD-91878C3A104A}.Release|Any CPU.Build.0 = Release|Any CPU
	EndGlobalSection
	GlobalSection(SolutionProperties) = preSolution
		HideSolutionNode = FALSE
	EndGlobalSection
	GlobalSection(ExtensibilityGlobals) = postSolution
		SolutionGuid = {21512A88-C148-43E3-9D0F-FC22DAE67D0E}
	EndGlobalSection
EndGlobal
